// !$*UTF8*$!
{
	archiveVersion = 1;
	classes = {
	};
	objectVersion = 46;
	objects = {

/* Begin PBXBuildFile section */
		241090E91E924A0600F78D45 /* PlacedAccessory.swift in Sources */ = {isa = PBXBuildFile; fileRef = 241090E81E924A0600F78D45 /* PlacedAccessory.swift */; };
		2426733C1E83DE2600BB73C6 /* AppDelegate.swift in Sources */ = {isa = PBXBuildFile; fileRef = 2426733B1E83DE2600BB73C6 /* AppDelegate.swift */; };
		2426733E1E83DE2600BB73C6 /* FloorPlanController.swift in Sources */ = {isa = PBXBuildFile; fileRef = 2426733D1E83DE2600BB73C6 /* FloorPlanController.swift */; };
		242673411E83DE2600BB73C6 /* Main.storyboard in Resources */ = {isa = PBXBuildFile; fileRef = 2426733F1E83DE2600BB73C6 /* Main.storyboard */; };
		242673431E83DE2600BB73C6 /* Assets.xcassets in Resources */ = {isa = PBXBuildFile; fileRef = 242673421E83DE2600BB73C6 /* Assets.xcassets */; };
		242673461E83DE2600BB73C6 /* LaunchScreen.storyboard in Resources */ = {isa = PBXBuildFile; fileRef = 242673441E83DE2600BB73C6 /* LaunchScreen.storyboard */; };
		2426734F1E83EC3A00BB73C6 /* HomeKit.framework in Frameworks */ = {isa = PBXBuildFile; fileRef = 2426734E1E83EC3A00BB73C6 /* HomeKit.framework */; };
		2441B7B31E84509100A428D9 /* Facility.swift in Sources */ = {isa = PBXBuildFile; fileRef = 2441B7B21E84509100A428D9 /* Facility.swift */; };
		24865D291E895CDE00676F0F /* AccessoryList.swift in Sources */ = {isa = PBXBuildFile; fileRef = 24865D281E895CDE00676F0F /* AccessoryList.swift */; };
		248B09181E939E3A00524AFD /* SettingsController.swift in Sources */ = {isa = PBXBuildFile; fileRef = 248B09171E939E3A00524AFD /* SettingsController.swift */; };
		248B091A1E939E4C00524AFD /* SettingsList.swift in Sources */ = {isa = PBXBuildFile; fileRef = 248B09191E939E4C00524AFD /* SettingsList.swift */; };
		248B091E1E94323200524AFD /* Global.swift in Sources */ = {isa = PBXBuildFile; fileRef = 248B091D1E94323200524AFD /* Global.swift */; };
		248B09201E94E9C800524AFD /* FacilityButler.swift in Sources */ = {isa = PBXBuildFile; fileRef = 248B091F1E94E9C800524AFD /* FacilityButler.swift */; };
		24A8BE761E8AFA8B008D3E73 /* FloorPlan.swift in Sources */ = {isa = PBXBuildFile; fileRef = 24A8BE751E8AFA8B008D3E73 /* FloorPlan.swift */; };
		24A8BE871E8BF045008D3E73 /* AES256CBC.swift in Sources */ = {isa = PBXBuildFile; fileRef = 24A8BE801E8BF045008D3E73 /* AES256CBC.swift */; };
		24A8BE881E8BF045008D3E73 /* BaseDestination.swift in Sources */ = {isa = PBXBuildFile; fileRef = 24A8BE811E8BF045008D3E73 /* BaseDestination.swift */; };
		24A8BE891E8BF045008D3E73 /* ConsoleDestination.swift in Sources */ = {isa = PBXBuildFile; fileRef = 24A8BE821E8BF045008D3E73 /* ConsoleDestination.swift */; };
		24A8BE8A1E8BF045008D3E73 /* FileDestination.swift in Sources */ = {isa = PBXBuildFile; fileRef = 24A8BE831E8BF045008D3E73 /* FileDestination.swift */; };
		24A8BE8B1E8BF045008D3E73 /* Filter.swift in Sources */ = {isa = PBXBuildFile; fileRef = 24A8BE841E8BF045008D3E73 /* Filter.swift */; };
		24A8BE8C1E8BF045008D3E73 /* SBPlatformDestination.swift in Sources */ = {isa = PBXBuildFile; fileRef = 24A8BE851E8BF045008D3E73 /* SBPlatformDestination.swift */; };
		24A8BE8D1E8BF045008D3E73 /* SwiftyBeaver.swift in Sources */ = {isa = PBXBuildFile; fileRef = 24A8BE861E8BF045008D3E73 /* SwiftyBeaver.swift */; };
		24DB94AC1E85200800FC8A94 /* AccessoryController.swift in Sources */ = {isa = PBXBuildFile; fileRef = 24DB94AB1E85200800FC8A94 /* AccessoryController.swift */; };
/* End PBXBuildFile section */

/* Begin PBXFileReference section */
		241090E81E924A0600F78D45 /* PlacedAccessory.swift */ = {isa = PBXFileReference; fileEncoding = 4; lastKnownFileType = sourcecode.swift; path = PlacedAccessory.swift; sourceTree = "<group>"; };
		242673381E83DE2600BB73C6 /* FacilityButler.app */ = {isa = PBXFileReference; explicitFileType = wrapper.application; includeInIndex = 0; path = FacilityButler.app; sourceTree = BUILT_PRODUCTS_DIR; };
		2426733B1E83DE2600BB73C6 /* AppDelegate.swift */ = {isa = PBXFileReference; lastKnownFileType = sourcecode.swift; path = AppDelegate.swift; sourceTree = "<group>"; };
		2426733D1E83DE2600BB73C6 /* FloorPlanController.swift */ = {isa = PBXFileReference; lastKnownFileType = sourcecode.swift; path = FloorPlanController.swift; sourceTree = "<group>"; };
		242673401E83DE2600BB73C6 /* Base */ = {isa = PBXFileReference; lastKnownFileType = file.storyboard; name = Base; path = Base.lproj/Main.storyboard; sourceTree = "<group>"; };
		242673421E83DE2600BB73C6 /* Assets.xcassets */ = {isa = PBXFileReference; lastKnownFileType = folder.assetcatalog; path = Assets.xcassets; sourceTree = "<group>"; };
		242673451E83DE2600BB73C6 /* Base */ = {isa = PBXFileReference; lastKnownFileType = file.storyboard; name = Base; path = Base.lproj/LaunchScreen.storyboard; sourceTree = "<group>"; };
		242673471E83DE2600BB73C6 /* Info.plist */ = {isa = PBXFileReference; lastKnownFileType = text.plist.xml; path = Info.plist; sourceTree = "<group>"; };
		2426734E1E83EC3A00BB73C6 /* HomeKit.framework */ = {isa = PBXFileReference; lastKnownFileType = wrapper.framework; name = HomeKit.framework; path = System/Library/Frameworks/HomeKit.framework; sourceTree = SDKROOT; };
		242673501E83FAE800BB73C6 /* FacilityButler.entitlements */ = {isa = PBXFileReference; lastKnownFileType = text.plist.entitlements; path = FacilityButler.entitlements; sourceTree = "<group>"; };
		2441B7B21E84509100A428D9 /* Facility.swift */ = {isa = PBXFileReference; fileEncoding = 4; lastKnownFileType = sourcecode.swift; path = Facility.swift; sourceTree = "<group>"; };
		24865D281E895CDE00676F0F /* AccessoryList.swift */ = {isa = PBXFileReference; fileEncoding = 4; lastKnownFileType = sourcecode.swift; path = AccessoryList.swift; sourceTree = "<group>"; };
		248B09171E939E3A00524AFD /* SettingsController.swift */ = {isa = PBXFileReference; fileEncoding = 4; lastKnownFileType = sourcecode.swift; path = SettingsController.swift; sourceTree = "<group>"; };
		248B09191E939E4C00524AFD /* SettingsList.swift */ = {isa = PBXFileReference; fileEncoding = 4; lastKnownFileType = sourcecode.swift; path = SettingsList.swift; sourceTree = "<group>"; };
		248B091D1E94323200524AFD /* Global.swift */ = {isa = PBXFileReference; fileEncoding = 4; lastKnownFileType = sourcecode.swift; path = Global.swift; sourceTree = "<group>"; };
		248B091F1E94E9C800524AFD /* FacilityButler.swift */ = {isa = PBXFileReference; fileEncoding = 4; lastKnownFileType = sourcecode.swift; path = FacilityButler.swift; sourceTree = "<group>"; };
		24A8BE751E8AFA8B008D3E73 /* FloorPlan.swift */ = {isa = PBXFileReference; fileEncoding = 4; lastKnownFileType = sourcecode.swift; path = FloorPlan.swift; sourceTree = "<group>"; };
		24A8BE801E8BF045008D3E73 /* AES256CBC.swift */ = {isa = PBXFileReference; fileEncoding = 4; lastKnownFileType = sourcecode.swift; path = AES256CBC.swift; sourceTree = "<group>"; };
		24A8BE811E8BF045008D3E73 /* BaseDestination.swift */ = {isa = PBXFileReference; fileEncoding = 4; lastKnownFileType = sourcecode.swift; path = BaseDestination.swift; sourceTree = "<group>"; };
		24A8BE821E8BF045008D3E73 /* ConsoleDestination.swift */ = {isa = PBXFileReference; fileEncoding = 4; lastKnownFileType = sourcecode.swift; path = ConsoleDestination.swift; sourceTree = "<group>"; };
		24A8BE831E8BF045008D3E73 /* FileDestination.swift */ = {isa = PBXFileReference; fileEncoding = 4; lastKnownFileType = sourcecode.swift; path = FileDestination.swift; sourceTree = "<group>"; };
		24A8BE841E8BF045008D3E73 /* Filter.swift */ = {isa = PBXFileReference; fileEncoding = 4; lastKnownFileType = sourcecode.swift; path = Filter.swift; sourceTree = "<group>"; };
		24A8BE851E8BF045008D3E73 /* SBPlatformDestination.swift */ = {isa = PBXFileReference; fileEncoding = 4; lastKnownFileType = sourcecode.swift; path = SBPlatformDestination.swift; sourceTree = "<group>"; };
		24A8BE861E8BF045008D3E73 /* SwiftyBeaver.swift */ = {isa = PBXFileReference; fileEncoding = 4; lastKnownFileType = sourcecode.swift; path = SwiftyBeaver.swift; sourceTree = "<group>"; };
		24DB94AB1E85200800FC8A94 /* AccessoryController.swift */ = {isa = PBXFileReference; fileEncoding = 4; lastKnownFileType = sourcecode.swift; path = AccessoryController.swift; sourceTree = "<group>"; };
/* End PBXFileReference section */

/* Begin PBXFrameworksBuildPhase section */
		242673351E83DE2600BB73C6 /* Frameworks */ = {
			isa = PBXFrameworksBuildPhase;
			buildActionMask = 2147483647;
			files = (
				2426734F1E83EC3A00BB73C6 /* HomeKit.framework in Frameworks */,
			);
			runOnlyForDeploymentPostprocessing = 0;
		};
/* End PBXFrameworksBuildPhase section */

/* Begin PBXGroup section */
		2426732F1E83DE2600BB73C6 = {
			isa = PBXGroup;
			children = (
				2426733A1E83DE2600BB73C6 /* FacilityButler */,
				242673391E83DE2600BB73C6 /* Products */,
				2426734D1E83EC3900BB73C6 /* Frameworks */,
			);
			sourceTree = "<group>";
		};
		242673391E83DE2600BB73C6 /* Products */ = {
			isa = PBXGroup;
			children = (
				242673381E83DE2600BB73C6 /* FacilityButler.app */,
			);
			name = Products;
			sourceTree = "<group>";
		};
		2426733A1E83DE2600BB73C6 /* FacilityButler */ = {
			isa = PBXGroup;
			children = (
				24A8BE7F1E8BF045008D3E73 /* SwiftyBeaver */,
				248B09161E93955900524AFD /* FacilityButler */,
				242673501E83FAE800BB73C6 /* FacilityButler.entitlements */,
				2426733F1E83DE2600BB73C6 /* Main.storyboard */,
				2426733B1E83DE2600BB73C6 /* AppDelegate.swift */,
				2426733D1E83DE2600BB73C6 /* FloorPlanController.swift */,
				248B09171E939E3A00524AFD /* SettingsController.swift */,
				248B09191E939E4C00524AFD /* SettingsList.swift */,
				24DB94AB1E85200800FC8A94 /* AccessoryController.swift */,
				24865D281E895CDE00676F0F /* AccessoryList.swift */,
				248B091D1E94323200524AFD /* Global.swift */,
				242673421E83DE2600BB73C6 /* Assets.xcassets */,
				242673441E83DE2600BB73C6 /* LaunchScreen.storyboard */,
				242673471E83DE2600BB73C6 /* Info.plist */,
			);
			path = FacilityButler;
			sourceTree = "<group>";
		};
		2426734D1E83EC3900BB73C6 /* Frameworks */ = {
			isa = PBXGroup;
			children = (
				2426734E1E83EC3A00BB73C6 /* HomeKit.framework */,
			);
			name = Frameworks;
			sourceTree = "<group>";
		};
		248B09161E93955900524AFD /* FacilityButler */ = {
			isa = PBXGroup;
			children = (
				248B091F1E94E9C800524AFD /* FacilityButler.swift */,
				2441B7B21E84509100A428D9 /* Facility.swift */,
				24A8BE751E8AFA8B008D3E73 /* FloorPlan.swift */,
				241090E81E924A0600F78D45 /* PlacedAccessory.swift */,
			);
			name = FacilityButler;
			sourceTree = "<group>";
		};
		24A8BE7F1E8BF045008D3E73 /* SwiftyBeaver */ = {
			isa = PBXGroup;
			children = (
				24A8BE801E8BF045008D3E73 /* AES256CBC.swift */,
				24A8BE811E8BF045008D3E73 /* BaseDestination.swift */,
				24A8BE821E8BF045008D3E73 /* ConsoleDestination.swift */,
				24A8BE831E8BF045008D3E73 /* FileDestination.swift */,
				24A8BE841E8BF045008D3E73 /* Filter.swift */,
				24A8BE851E8BF045008D3E73 /* SBPlatformDestination.swift */,
				24A8BE861E8BF045008D3E73 /* SwiftyBeaver.swift */,
			);
			name = SwiftyBeaver;
			path = Sources;
			sourceTree = "<group>";
		};
/* End PBXGroup section */

/* Begin PBXNativeTarget section */
		242673371E83DE2600BB73C6 /* FacilityButler */ = {
			isa = PBXNativeTarget;
			buildConfigurationList = 2426734A1E83DE2600BB73C6 /* Build configuration list for PBXNativeTarget "FacilityButler" */;
			buildPhases = (
				242673341E83DE2600BB73C6 /* Sources */,
				242673351E83DE2600BB73C6 /* Frameworks */,
				242673361E83DE2600BB73C6 /* Resources */,
			);
			buildRules = (
			);
			dependencies = (
			);
			name = FacilityButler;
			productName = FacilityButler;
			productReference = 242673381E83DE2600BB73C6 /* FacilityButler.app */;
			productType = "com.apple.product-type.application";
		};
/* End PBXNativeTarget section */

/* Begin PBXProject section */
		242673301E83DE2600BB73C6 /* Project object */ = {
			isa = PBXProject;
			attributes = {
				LastSwiftUpdateCheck = 0820;
				LastUpgradeCheck = 0820;
				ORGANIZATIONNAME = "Hewlett Packard Enterprise";
				TargetAttributes = {
					242673371E83DE2600BB73C6 = {
						CreatedOnToolsVersion = 8.2.1;
						DevelopmentTeam = JPC698935F;
						ProvisioningStyle = Automatic;
					};
				};
			};
			buildConfigurationList = 242673331E83DE2600BB73C6 /* Build configuration list for PBXProject "FacilityButler" */;
			compatibilityVersion = "Xcode 3.2";
			developmentRegion = English;
			hasScannedForEncodings = 0;
			knownRegions = (
				en,
				Base,
			);
			mainGroup = 2426732F1E83DE2600BB73C6;
			productRefGroup = 242673391E83DE2600BB73C6 /* Products */;
			projectDirPath = "";
			projectRoot = "";
			targets = (
				242673371E83DE2600BB73C6 /* FacilityButler */,
			);
		};
/* End PBXProject section */

/* Begin PBXResourcesBuildPhase section */
		242673361E83DE2600BB73C6 /* Resources */ = {
			isa = PBXResourcesBuildPhase;
			buildActionMask = 2147483647;
			files = (
				242673461E83DE2600BB73C6 /* LaunchScreen.storyboard in Resources */,
				242673431E83DE2600BB73C6 /* Assets.xcassets in Resources */,
				242673411E83DE2600BB73C6 /* Main.storyboard in Resources */,
			);
			runOnlyForDeploymentPostprocessing = 0;
		};
/* End PBXResourcesBuildPhase section */

/* Begin PBXSourcesBuildPhase section */
		242673341E83DE2600BB73C6 /* Sources */ = {
			isa = PBXSourcesBuildPhase;
			buildActionMask = 2147483647;
			files = (
				2426733E1E83DE2600BB73C6 /* FloorPlanController.swift in Sources */,
				24A8BE871E8BF045008D3E73 /* AES256CBC.swift in Sources */,
				24A8BE8B1E8BF045008D3E73 /* Filter.swift in Sources */,
				248B09181E939E3A00524AFD /* SettingsController.swift in Sources */,
				24A8BE761E8AFA8B008D3E73 /* FloorPlan.swift in Sources */,
				24A8BE8D1E8BF045008D3E73 /* SwiftyBeaver.swift in Sources */,
				241090E91E924A0600F78D45 /* PlacedAccessory.swift in Sources */,
				24A8BE891E8BF045008D3E73 /* ConsoleDestination.swift in Sources */,
				24865D291E895CDE00676F0F /* AccessoryList.swift in Sources */,
				24A8BE8C1E8BF045008D3E73 /* SBPlatformDestination.swift in Sources */,
				2441B7B31E84509100A428D9 /* Facility.swift in Sources */,
				24A8BE881E8BF045008D3E73 /* BaseDestination.swift in Sources */,
				24DB94AC1E85200800FC8A94 /* AccessoryController.swift in Sources */,
				248B091A1E939E4C00524AFD /* SettingsList.swift in Sources */,
				24A8BE8A1E8BF045008D3E73 /* FileDestination.swift in Sources */,
				248B091E1E94323200524AFD /* Global.swift in Sources */,
				248B09201E94E9C800524AFD /* FacilityButler.swift in Sources */,
				2426733C1E83DE2600BB73C6 /* AppDelegate.swift in Sources */,
			);
			runOnlyForDeploymentPostprocessing = 0;
		};
/* End PBXSourcesBuildPhase section */

/* Begin PBXVariantGroup section */
		2426733F1E83DE2600BB73C6 /* Main.storyboard */ = {
			isa = PBXVariantGroup;
			children = (
				242673401E83DE2600BB73C6 /* Base */,
			);
			name = Main.storyboard;
			sourceTree = "<group>";
		};
		242673441E83DE2600BB73C6 /* LaunchScreen.storyboard */ = {
			isa = PBXVariantGroup;
			children = (
				242673451E83DE2600BB73C6 /* Base */,
			);
			name = LaunchScreen.storyboard;
			sourceTree = "<group>";
		};
/* End PBXVariantGroup section */

/* Begin XCBuildConfiguration section */
		242673481E83DE2600BB73C6 /* Debug */ = {
			isa = XCBuildConfiguration;
			buildSettings = {
				ALWAYS_SEARCH_USER_PATHS = NO;
				CLANG_ANALYZER_NONNULL = YES;
				CLANG_CXX_LANGUAGE_STANDARD = "gnu++0x";
				CLANG_CXX_LIBRARY = "libc++";
				CLANG_ENABLE_MODULES = YES;
				CLANG_ENABLE_OBJC_ARC = YES;
				CLANG_WARN_BOOL_CONVERSION = YES;
				CLANG_WARN_CONSTANT_CONVERSION = YES;
				CLANG_WARN_DIRECT_OBJC_ISA_USAGE = YES_ERROR;
				CLANG_WARN_DOCUMENTATION_COMMENTS = YES;
				CLANG_WARN_EMPTY_BODY = YES;
				CLANG_WARN_ENUM_CONVERSION = YES;
				CLANG_WARN_INFINITE_RECURSION = YES;
				CLANG_WARN_INT_CONVERSION = YES;
				CLANG_WARN_OBJC_ROOT_CLASS = YES_ERROR;
				CLANG_WARN_SUSPICIOUS_MOVE = YES;
				CLANG_WARN_UNREACHABLE_CODE = YES;
				CLANG_WARN__DUPLICATE_METHOD_MATCH = YES;
				"CODE_SIGN_IDENTITY[sdk=iphoneos*]" = "iPhone Developer";
				COPY_PHASE_STRIP = NO;
				DEBUG_INFORMATION_FORMAT = dwarf;
				ENABLE_STRICT_OBJC_MSGSEND = YES;
				ENABLE_TESTABILITY = YES;
				GCC_C_LANGUAGE_STANDARD = gnu99;
				GCC_DYNAMIC_NO_PIC = NO;
				GCC_NO_COMMON_BLOCKS = YES;
				GCC_OPTIMIZATION_LEVEL = 0;
				GCC_PREPROCESSOR_DEFINITIONS = (
					"DEBUG=1",
					"$(inherited)",
				);
				GCC_WARN_64_TO_32_BIT_CONVERSION = YES;
				GCC_WARN_ABOUT_RETURN_TYPE = YES_ERROR;
				GCC_WARN_UNDECLARED_SELECTOR = YES;
				GCC_WARN_UNINITIALIZED_AUTOS = YES_AGGRESSIVE;
				GCC_WARN_UNUSED_FUNCTION = YES;
				GCC_WARN_UNUSED_VARIABLE = YES;
				IPHONEOS_DEPLOYMENT_TARGET = 10.2;
				MTL_ENABLE_DEBUG_INFO = YES;
				ONLY_ACTIVE_ARCH = YES;
				SDKROOT = iphoneos;
				SWIFT_ACTIVE_COMPILATION_CONDITIONS = DEBUG;
				SWIFT_OPTIMIZATION_LEVEL = "-Onone";
				TARGETED_DEVICE_FAMILY = "1,2";
			};
			name = Debug;
		};
		242673491E83DE2600BB73C6 /* Release */ = {
			isa = XCBuildConfiguration;
			buildSettings = {
				ALWAYS_SEARCH_USER_PATHS = NO;
				CLANG_ANALYZER_NONNULL = YES;
				CLANG_CXX_LANGUAGE_STANDARD = "gnu++0x";
				CLANG_CXX_LIBRARY = "libc++";
				CLANG_ENABLE_MODULES = YES;
				CLANG_ENABLE_OBJC_ARC = YES;
				CLANG_WARN_BOOL_CONVERSION = YES;
				CLANG_WARN_CONSTANT_CONVERSION = YES;
				CLANG_WARN_DIRECT_OBJC_ISA_USAGE = YES_ERROR;
				CLANG_WARN_DOCUMENTATION_COMMENTS = YES;
				CLANG_WARN_EMPTY_BODY = YES;
				CLANG_WARN_ENUM_CONVERSION = YES;
				CLANG_WARN_INFINITE_RECURSION = YES;
				CLANG_WARN_INT_CONVERSION = YES;
				CLANG_WARN_OBJC_ROOT_CLASS = YES_ERROR;
				CLANG_WARN_SUSPICIOUS_MOVE = YES;
				CLANG_WARN_UNREACHABLE_CODE = YES;
				CLANG_WARN__DUPLICATE_METHOD_MATCH = YES;
				"CODE_SIGN_IDENTITY[sdk=iphoneos*]" = "iPhone Developer";
				COPY_PHASE_STRIP = NO;
				DEBUG_INFORMATION_FORMAT = "dwarf-with-dsym";
				ENABLE_NS_ASSERTIONS = NO;
				ENABLE_STRICT_OBJC_MSGSEND = YES;
				GCC_C_LANGUAGE_STANDARD = gnu99;
				GCC_NO_COMMON_BLOCKS = YES;
				GCC_WARN_64_TO_32_BIT_CONVERSION = YES;
				GCC_WARN_ABOUT_RETURN_TYPE = YES_ERROR;
				GCC_WARN_UNDECLARED_SELECTOR = YES;
				GCC_WARN_UNINITIALIZED_AUTOS = YES_AGGRESSIVE;
				GCC_WARN_UNUSED_FUNCTION = YES;
				GCC_WARN_UNUSED_VARIABLE = YES;
				IPHONEOS_DEPLOYMENT_TARGET = 10.2;
				MTL_ENABLE_DEBUG_INFO = NO;
				SDKROOT = iphoneos;
				SWIFT_OPTIMIZATION_LEVEL = "-Owholemodule";
				TARGETED_DEVICE_FAMILY = "1,2";
				VALIDATE_PRODUCT = YES;
			};
			name = Release;
		};
		2426734B1E83DE2600BB73C6 /* Debug */ = {
			isa = XCBuildConfiguration;
			buildSettings = {
				ASSETCATALOG_COMPILER_APPICON_NAME = AppIcon;
				CODE_SIGN_ENTITLEMENTS = FacilityButler/FacilityButler.entitlements;
				DEVELOPMENT_TEAM = JPC698935F;
				INFOPLIST_FILE = FacilityButler/Info.plist;
				LD_RUNPATH_SEARCH_PATHS = "$(inherited) @executable_path/Frameworks";
				PRODUCT_BUNDLE_IDENTIFIER = com.hpe.FacilityButler;
				PRODUCT_NAME = "$(TARGET_NAME)";
				SWIFT_VERSION = 3.0;
			};
			name = Debug;
		};
		2426734C1E83DE2600BB73C6 /* Release */ = {
			isa = XCBuildConfiguration;
			buildSettings = {
				ASSETCATALOG_COMPILER_APPICON_NAME = AppIcon;
				CODE_SIGN_ENTITLEMENTS = FacilityButler/FacilityButler.entitlements;
				DEVELOPMENT_TEAM = JPC698935F;
				INFOPLIST_FILE = FacilityButler/Info.plist;
				LD_RUNPATH_SEARCH_PATHS = "$(inherited) @executable_path/Frameworks";
				PRODUCT_BUNDLE_IDENTIFIER = com.hpe.FacilityButler;
				PRODUCT_NAME = "$(TARGET_NAME)";
				SWIFT_VERSION = 3.0;
			};
			name = Release;
		};
/* End XCBuildConfiguration section */

/* Begin XCConfigurationList section */
		242673331E83DE2600BB73C6 /* Build configuration list for PBXProject "FacilityButler" */ = {
			isa = XCConfigurationList;
			buildConfigurations = (
				242673481E83DE2600BB73C6 /* Debug */,
				242673491E83DE2600BB73C6 /* Release */,
			);
			defaultConfigurationIsVisible = 0;
			defaultConfigurationName = Release;
		};
		2426734A1E83DE2600BB73C6 /* Build configuration list for PBXNativeTarget "FacilityButler" */ = {
			isa = XCConfigurationList;
			buildConfigurations = (
				2426734B1E83DE2600BB73C6 /* Debug */,
				2426734C1E83DE2600BB73C6 /* Release */,
			);
			defaultConfigurationIsVisible = 0;
			defaultConfigurationName = Release;
		};
/* End XCConfigurationList section */
	};
	rootObject = 242673301E83DE2600BB73C6 /* Project object */;
}
